
Microsoft Visual Studio Solution File, Format Version 11.00
# Visual Studio 2010
Project("{FAE04EC0-301F-11D3-BF4B-00C04F79EFBC}") = "HighLowIndicator", "HighLowIndicator.csproj", "{F2BB41A7-333E-403C-81C8-976300980E64}"
EndProject
Global
	GlobalSection(SolutionConfigurationPlatforms) = preSolution
		Debug|Any CPU = Debug|Any CPU
		Release|Any CPU = Release|Any CPU
	EndGlobalSection
	GlobalSection(ProjectConfigurationPlatforms) = postSolution
		{F2BB41A7-333E-403C-81C8-976300980E64}.Debug|Any CPU.ActiveCfg = Debug|Any CPU
		{F2BB41A7-333E-403C-81C8-976300980E64}.Debug|Any CPU.Build.0 = Debug|Any CPU
		{F2BB41A7-333E-403C-81C8-976300980E64}.Release|Any CPU.ActiveCfg = Release|Any CPU
		{F2BB41A7-333E-403C-81C8-976300980E64}.Release|Any CPU.Build.0 = Release|Any CPU
	EndGlobalSection
	GlobalSection(SolutionProperties) = preSolution
		HideSolutionNode = FALSE
	EndGlobalSection
EndGlobal
